
Microsoft Visual Studio Solution File, Format Version 12.00
# Visual Studio Express 2013 for Windows Desktop
VisualStudioVersion = 12.0.31101.0
MinimumVisualStudioVersion = 10.0.40219.1
Project("{8BC9CEB8-8B4A-11D0-8D11-00A0C91BC942}") = "ril_fmi", "Ril.vcxproj", "{47923738-533E-4DCA-A3B1-B0852541966C}"
	ProjectSection(ProjectDependencies) = postProject
		{DD26F57E-60F2-4F37-A616-D219A9BF338F} = {DD26F57E-60F2-4F37-A616-D219A9BF338F}
	EndProjectSection
EndProject
Project("{8BC9CEB8-8B4A-11D0-8D11-00A0C91BC942}") = "libthrift", "..\thrift-0.9.3\lib\cpp\libthrift.vcxproj", "{DD26F57E-60F2-4F37-A616-D219A9BF338F}"
EndProject
Global
	GlobalSection(SolutionConfigurationPlatforms) = preSolution
		Debug|Mixed Platforms = Debug|Mixed Platforms
		Debug|Win32 = Debug|Win32
		Debug|x64 = Debug|x64
		Debug|x86 = Debug|x86
		Debug-mt|Mixed Platforms = Debug-mt|Mixed Platforms
		Debug-mt|Win32 = Debug-mt|Win32
		Debug-mt|x64 = Debug-mt|x64
		Debug-mt|x86 = Debug-mt|x86
		Release|Mixed Platforms = Release|Mixed Platforms
		Release|Win32 = Release|Win32
		Release|x64 = Release|x64
		Release|x86 = Release|x86
		Release-mt|Mixed Platforms = Release-mt|Mixed Platforms
		Release-mt|Win32 = Release-mt|Win32
		Release-mt|x64 = Release-mt|x64
		Release-mt|x86 = Release-mt|x86
	EndGlobalSection
	GlobalSection(ProjectConfigurationPlatforms) = postSolution
		{47923738-533E-4DCA-A3B1-B0852541966C}.Debug|Mixed Platforms.ActiveCfg = Debug|Win32
		{47923738-533E-4DCA-A3B1-B0852541966C}.Debug|Mixed Platforms.Build.0 = Debug|Win32
		{47923738-533E-4DCA-A3B1-B0852541966C}.Debug|Win32.ActiveCfg = Debug|Win32
		{47923738-533E-4DCA-A3B1-B0852541966C}.Debug|Win32.Build.0 = Debug|Win32
		{47923738-533E-4DCA-A3B1-B0852541966C}.Debug|x64.ActiveCfg = Debug|x64
		{47923738-533E-4DCA-A3B1-B0852541966C}.Debug|x64.Build.0 = Debug|x64
		{47923738-533E-4DCA-A3B1-B0852541966C}.Debug|x86.ActiveCfg = Debug|Win32
		{47923738-533E-4DCA-A3B1-B0852541966C}.Debug|x86.Build.0 = Debug|Win32
		{47923738-533E-4DCA-A3B1-B0852541966C}.Debug-mt|Mixed Platforms.ActiveCfg = Debug|Win32
		{47923738-533E-4DCA-A3B1-B0852541966C}.Debug-mt|Mixed Platforms.Build.0 = Debug|Win32
		{47923738-533E-4DCA-A3B1-B0852541966C}.Debug-mt|Win32.ActiveCfg = Debug|Win32
		{47923738-533E-4DCA-A3B1-B0852541966C}.Debug-mt|Win32.Build.0 = Debug|Win32
		{47923738-533E-4DCA-A3B1-B0852541966C}.Debug-mt|x64.ActiveCfg = Debug|x64
		{47923738-533E-4DCA-A3B1-B0852541966C}.Debug-mt|x64.Build.0 = Debug|x64
		{47923738-533E-4DCA-A3B1-B0852541966C}.Debug-mt|x86.ActiveCfg = Debug|Win32
		{47923738-533E-4DCA-A3B1-B0852541966C}.Debug-mt|x86.Build.0 = Debug|Win32
		{47923738-533E-4DCA-A3B1-B0852541966C}.Release|Mixed Platforms.ActiveCfg = Release|Win32
		{47923738-533E-4DCA-A3B1-B0852541966C}.Release|Mixed Platforms.Build.0 = Release|Win32
		{47923738-533E-4DCA-A3B1-B0852541966C}.Release|Win32.ActiveCfg = Release|Win32
		{47923738-533E-4DCA-A3B1-B0852541966C}.Release|Win32.Build.0 = Release|Win32
		{47923738-533E-4DCA-A3B1-B0852541966C}.Release|x64.ActiveCfg = Release|x64
		{47923738-533E-4DCA-A3B1-B0852541966C}.Release|x64.Build.0 = Release|x64
		{47923738-533E-4DCA-A3B1-B0852541966C}.Release|x86.ActiveCfg = Release|Win32
		{47923738-533E-4DCA-A3B1-B0852541966C}.Release|x86.Build.0 = Release|Win32
		{47923738-533E-4DCA-A3B1-B0852541966C}.Release-mt|Mixed Platforms.ActiveCfg = Release|Win32
		{47923738-533E-4DCA-A3B1-B0852541966C}.Release-mt|Mixed Platforms.Build.0 = Release|Win32
		{47923738-533E-4DCA-A3B1-B0852541966C}.Release-mt|Win32.ActiveCfg = Release|Win32
		{47923738-533E-4DCA-A3B1-B0852541966C}.Release-mt|Win32.Build.0 = Release|Win32
		{47923738-533E-4DCA-A3B1-B0852541966C}.Release-mt|x64.ActiveCfg = Release|x64
		{47923738-533E-4DCA-A3B1-B0852541966C}.Release-mt|x64.Build.0 = Release|x64
		{47923738-533E-4DCA-A3B1-B0852541966C}.Release-mt|x86.ActiveCfg = Release|Win32
		{47923738-533E-4DCA-A3B1-B0852541966C}.Release-mt|x86.Build.0 = Release|Win32
		{DD26F57E-60F2-4F37-A616-D219A9BF338F}.Debug|Mixed Platforms.ActiveCfg = Debug|Win32
		{DD26F57E-60F2-4F37-A616-D219A9BF338F}.Debug|Mixed Platforms.Build.0 = Debug|Win32
		{DD26F57E-60F2-4F37-A616-D219A9BF338F}.Debug|Win32.ActiveCfg = Debug|Win32
		{DD26F57E-60F2-4F37-A616-D219A9BF338F}.Debug|Win32.Build.0 = Debug|Win32
		{DD26F57E-60F2-4F37-A616-D219A9BF338F}.Debug|x64.ActiveCfg = Debug|x64
		{DD26F57E-60F2-4F37-A616-D219A9BF338F}.Debug|x64.Build.0 = Debug|x64
		{DD26F57E-60F2-4F37-A616-D219A9BF338F}.Debug|x86.ActiveCfg = Debug|Win32
		{DD26F57E-60F2-4F37-A616-D219A9BF338F}.Debug|x86.Build.0 = Debug|Win32
		{DD26F57E-60F2-4F37-A616-D219A9BF338F}.Debug-mt|Mixed Platforms.ActiveCfg = Debug-mt|Win32
		{DD26F57E-60F2-4F37-A616-D219A9BF338F}.Debug-mt|Mixed Platforms.Build.0 = Debug-mt|Win32
		{DD26F57E-60F2-4F37-A616-D219A9BF338F}.Debug-mt|Win32.ActiveCfg = Debug-mt|Win32
		{DD26F57E-60F2-4F37-A616-D219A9BF338F}.Debug-mt|Win32.Build.0 = Debug-mt|Win32
		{DD26F57E-60F2-4F37-A616-D219A9BF338F}.Debug-mt|x64.ActiveCfg = Debug-mt|x64
		{DD26F57E-60F2-4F37-A616-D219A9BF338F}.Debug-mt|x64.Build.0 = Debug-mt|x64
		{DD26F57E-60F2-4F37-A616-D219A9BF338F}.Debug-mt|x86.ActiveCfg = Debug-mt|Win32
		{DD26F57E-60F2-4F37-A616-D219A9BF338F}.Debug-mt|x86.Build.0 = Debug-mt|Win32
		{DD26F57E-60F2-4F37-A616-D219A9BF338F}.Release|Mixed Platforms.ActiveCfg = Release|Win32
		{DD26F57E-60F2-4F37-A616-D219A9BF338F}.Release|Mixed Platforms.Build.0 = Release|Win32
		{DD26F57E-60F2-4F37-A616-D219A9BF338F}.Release|Win32.ActiveCfg = Release|Win32
		{DD26F57E-60F2-4F37-A616-D219A9BF338F}.Release|Win32.Build.0 = Release|Win32
		{DD26F57E-60F2-4F37-A616-D219A9BF338F}.Release|x64.ActiveCfg = Release|x64
		{DD26F57E-60F2-4F37-A616-D219A9BF338F}.Release|x64.Build.0 = Release|x64
		{DD26F57E-60F2-4F37-A616-D219A9BF338F}.Release|x86.ActiveCfg = Release|Win32
		{DD26F57E-60F2-4F37-A616-D219A9BF338F}.Release|x86.Build.0 = Release|Win32
		{DD26F57E-60F2-4F37-A616-D219A9BF338F}.Release-mt|Mixed Platforms.ActiveCfg = Release-mt|Win32
		{DD26F57E-60F2-4F37-A616-D219A9BF338F}.Release-mt|Mixed Platforms.Build.0 = Release-mt|Win32
		{DD26F57E-60F2-4F37-A616-D219A9BF338F}.Release-mt|Win32.ActiveCfg = Release-mt|Win32
		{DD26F57E-60F2-4F37-A616-D219A9BF338F}.Release-mt|Win32.Build.0 = Release-mt|Win32
		{DD26F57E-60F2-4F37-A616-D219A9BF338F}.Release-mt|x64.ActiveCfg = Release-mt|x64
		{DD26F57E-60F2-4F37-A616-D219A9BF338F}.Release-mt|x64.Build.0 = Release-mt|x64
		{DD26F57E-60F2-4F37-A616-D219A9BF338F}.Release-mt|x86.ActiveCfg = Release-mt|Win32
		{DD26F57E-60F2-4F37-A616-D219A9BF338F}.Release-mt|x86.Build.0 = Release-mt|Win32
	EndGlobalSection
	GlobalSection(SolutionProperties) = preSolution
		HideSolutionNode = FALSE
	EndGlobalSection
EndGlobal
